# Generated by pub
# See https://dart.dev/tools/pub/glossary#lockfile
packages:
  _fe_analyzer_shared:
    dependency: transitive
    description:
      name: _fe_analyzer_shared
      sha256: a36ec4843dc30ea6bf652bf25e3448db6c5e8bcf4aa55f063a5d1dad216d8214
      url: "https://pub.dev"
    source: hosted
    version: "58.0.0"
  analyzer:
    dependency: transitive
    description:
      name: analyzer
      sha256: cc4242565347e98424ce9945c819c192ec0838cb9d1f6aa4a97cc96becbc5b27
      url: "https://pub.dev"
    source: hosted
    version: "5.10.0"
  ansicolor:
    dependency: transitive
    description:
      name: ansicolor
      sha256: "607f8fa9786f392043f169898923e6c59b4518242b68b8862eb8a8b7d9c30b4a"
      url: "https://pub.dev"
    source: hosted
    version: "2.0.1"
  archive:
    dependency: transitive
    description:
      name: archive
      sha256: ed7cc591a948744994714375caf9a2ce89e1d82e8243997c8a2994d57181c212
      url: "https://pub.dev"
    source: hosted
    version: "3.3.5"
  args:
    dependency: transitive
    description:
      name: args
      sha256: b003c3098049a51720352d219b0bb5f219b60fbfb68e7a4748139a06a5676515
      url: "https://pub.dev"
    source: hosted
    version: "2.3.1"
  async:
    dependency: transitive
    description:
      name: async
      sha256: bfe67ef28df125b7dddcea62755991f807aa39a2492a23e1550161692950bbe0
      url: "https://pub.dev"
    source: hosted
    version: "2.10.0"
  boolean_selector:
    dependency: transitive
    description:
      name: boolean_selector
      sha256: "6cfb5af12253eaf2b368f07bacc5a80d1301a071c73360d746b7f2e32d762c66"
      url: "https://pub.dev"
    source: hosted
    version: "2.1.1"
  camera:
    dependency: "direct main"
    description:
      name: camera
      sha256: "2bdb42a305d08ef3b0993310af5bdbcb6677eec0480f267175ef87ddbc026521"
      url: "https://pub.dev"
    source: hosted
    version: "0.10.0+1"
  camera_android:
    dependency: transitive
    description:
      name: camera_android
      sha256: "4e8ca7b3b424671bf2333bdf5990f1bd2764f47ea9165a95a3948c51931c57f2"
      url: "https://pub.dev"
    source: hosted
    version: "0.10.0+2"
  camera_avfoundation:
    dependency: transitive
    description:
      name: camera_avfoundation
      sha256: e4c955160ba77a2ac1296f500dbc322bbc359f3886dd851d56adc62efdac3b62
      url: "https://pub.dev"
    source: hosted
    version: "0.9.8+5"
  camera_platform_interface:
    dependency: transitive
    description:
      name: camera_platform_interface
      sha256: "33ef011afebe1e55e07330435c74174a7f66ddb1049158557993518b91e1494a"
      url: "https://pub.dev"
    source: hosted
    version: "2.2.0"
  camera_web:
    dependency: transitive
    description:
      name: camera_web
      sha256: "38bb526e3988544344c405b1ace64d2f684ed0d0a315827fd67fa83374c98387"
      url: "https://pub.dev"
    source: hosted
    version: "0.3.0"
  characters:
    dependency: transitive
    description:
      name: characters
      sha256: e6a326c8af69605aec75ed6c187d06b349707a27fbff8222ca9cc2cff167975c
      url: "https://pub.dev"
    source: hosted
    version: "1.2.1"
  charcode:
    dependency: transitive
    description:
      name: charcode
      sha256: fb98c0f6d12c920a02ee2d998da788bca066ca5f148492b7085ee23372b12306
      url: "https://pub.dev"
    source: hosted
    version: "1.3.1"
  checked_yaml:
    dependency: transitive
    description:
      name: checked_yaml
      sha256: dd007e4fb8270916820a0d66e24f619266b60773cddd082c6439341645af2659
      url: "https://pub.dev"
    source: hosted
    version: "2.0.1"
  cli_dialog:
    dependency: transitive
    description:
      name: cli_dialog
      sha256: "47530e1c4a6190662954cefce196d35143c4ed2675ea697d6e542790bdef5641"
      url: "https://pub.dev"
    source: hosted
    version: "0.5.0"
  cli_util:
    dependency: transitive
    description:
      name: cli_util
      sha256: "66f86e916d285c1a93d3b79587d94bd71984a66aac4ff74e524cfa7877f1395c"
      url: "https://pub.dev"
    source: hosted
    version: "0.3.5"
  clock:
    dependency: transitive
    description:
      name: clock
      sha256: cb6d7f03e1de671e34607e909a7213e31d7752be4fb66a86d29fe1eb14bfb5cf
      url: "https://pub.dev"
    source: hosted
    version: "1.1.1"
  cloud_firestore:
    dependency: "direct main"
    description:
      name: cloud_firestore
      sha256: e135d350ea6049e24697a61c19112342182848c4371b831f821c479f817d46e2
      url: "https://pub.dev"
    source: hosted
    version: "3.4.2"
  cloud_firestore_platform_interface:
    dependency: transitive
    description:
      name: cloud_firestore_platform_interface
      sha256: "2927279c39c258ef810a96af363f9e9ba73a40646ac6997de9fc19d0cf8a74a3"
      url: "https://pub.dev"
    source: hosted
    version: "5.7.0"
  cloud_firestore_web:
    dependency: transitive
    description:
      name: cloud_firestore_web
      sha256: "5a34e66db759964dab087b5532ac8a13cfe77f50ce599d672ae6226f31ad786a"
      url: "https://pub.dev"
    source: hosted
    version: "2.8.2"
  collection:
    dependency: transitive
    description:
      name: collection
      sha256: cfc915e6923fe5ce6e153b0723c753045de46de1b4d63771530504004a45fae0
      url: "https://pub.dev"
    source: hosted
    version: "1.17.0"
  convert:
    dependency: transitive
    description:
      name: convert
      sha256: "1be13198012c1d5bc042dc40ad1d7f16cbd522350984c0c1abf471d6d7e305c6"
      url: "https://pub.dev"
    source: hosted
    version: "3.1.0"
  cross_file:
    dependency: transitive
    description:
      name: cross_file
      sha256: "7632a2bcddc8cef4afde3c6f80e69b29a7060e176f01119c229fe4eb3a2a3d4f"
      url: "https://pub.dev"
    source: hosted
    version: "0.3.3+1"
  crypto:
    dependency: transitive
    description:
      name: crypto
      sha256: aa274aa7774f8964e4f4f38cc994db7b6158dd36e9187aaceaddc994b35c6c67
      url: "https://pub.dev"
    source: hosted
    version: "3.0.2"
  csslib:
    dependency: transitive
    description:
      name: csslib
      sha256: b36c7f7e24c0bdf1bf9a3da461c837d1de64b9f8beb190c9011d8c72a3dfd745
      url: "https://pub.dev"
    source: hosted
    version: "0.17.2"
  cupertino_icons:
    dependency: "direct main"
    description:
      name: cupertino_icons
      sha256: e35129dc44c9118cee2a5603506d823bab99c68393879edb440e0090d07586be
      url: "https://pub.dev"
    source: hosted
    version: "1.0.5"
  custom_utils:
    dependency: "direct main"
    description:
      name: custom_utils
      sha256: c95377add6ee1d915c792cfea385d97d3ec9f4170a36885124ea0046f2d96248
      url: "https://pub.dev"
    source: hosted
    version: "0.0.24"
  dart_console:
    dependency: transitive
    description:
      name: dart_console
      sha256: eba6af9ef2172df11ce49053d16b868de82684bc02123baf21bd8c9b1850a106
      url: "https://pub.dev"
    source: hosted
    version: "1.0.0"
  dart_style:
    dependency: transitive
    description:
      name: dart_style
      sha256: "6d691edde054969f0e0f26abb1b30834b5138b963793e56f69d3a9a4435e6352"
      url: "https://pub.dev"
    source: hosted
    version: "2.3.0"
  dbus:
    dependency: transitive
    description:
      name: dbus
      sha256: "4f814fc7e73057f78f307a6c4714fe2ffb4bdb994ab1970540a068ec4d5a45be"
      url: "https://pub.dev"
    source: hosted
    version: "0.7.3"
  fake_async:
    dependency: transitive
    description:
      name: fake_async
      sha256: "511392330127add0b769b75a987850d136345d9227c6b94c96a04cf4a391bf78"
      url: "https://pub.dev"
    source: hosted
    version: "1.3.1"
  ffi:
    dependency: transitive
    description:
      name: ffi
      sha256: "13a6ccf6a459a125b3fcdb6ec73bd5ff90822e071207c663bfd1f70062d51d18"
      url: "https://pub.dev"
    source: hosted
    version: "1.2.1"
  file:
    dependency: transitive
    description:
      name: file
      sha256: "1b92bec4fc2a72f59a8e15af5f52cd441e4a7860b49499d69dfa817af20e925d"
      url: "https://pub.dev"
    source: hosted
    version: "6.1.4"
  firebase_auth:
    dependency: "direct main"
    description:
      name: firebase_auth
      sha256: faba737a40826a62148032bf079df4625dfd349edb3f240bd848eab14ea1466c
      url: "https://pub.dev"
    source: hosted
    version: "3.4.2"
  firebase_auth_platform_interface:
    dependency: transitive
    description:
      name: firebase_auth_platform_interface
      sha256: "98917b36412954791e9d347c4cf111ca97408c9610bd6c3746f25265d7a2068a"
      url: "https://pub.dev"
    source: hosted
    version: "6.3.2"
  firebase_auth_web:
    dependency: transitive
    description:
      name: firebase_auth_web
      sha256: "28d3ea3b3c7249c453cf806b0232c221e1060b1f46c2b36a13c2a916ebecc532"
      url: "https://pub.dev"
    source: hosted
    version: "4.0.0"
  firebase_core:
    dependency: "direct main"
    description:
      name: firebase_core
      sha256: d6ea5525c868e3034b5f2407deb06f75d2e83f8e04c2478940e924d813e76164
      url: "https://pub.dev"
    source: hosted
    version: "1.20.0"
  firebase_core_platform_interface:
    dependency: transitive
    description:
      name: firebase_core_platform_interface
      sha256: b51257a8b4388565cd66062d727d3e60067b5f5cc3390eb0ecd20b8f97741bdb
      url: "https://pub.dev"
    source: hosted
    version: "4.5.1"
  firebase_core_web:
    dependency: transitive
    description:
      name: firebase_core_web
      sha256: "26f5ed9c1eb209464ef77c0da41f3273e713f63d7d96bf8b40f0d614c99f0389"
      url: "https://pub.dev"
    source: hosted
    version: "1.7.2"
  firebase_messaging:
    dependency: "direct main"
    description:
      name: firebase_messaging
      sha256: "1087fcffc90f407e4fd352365474930e7794ec24824d0ce4ef6f806cff68eb81"
      url: "https://pub.dev"
    source: hosted
    version: "13.0.2"
  firebase_messaging_platform_interface:
    dependency: transitive
    description:
      name: firebase_messaging_platform_interface
      sha256: f85b6e99b42373378c686c5344eb91b1e0008142d6d9aa4e04f7b5f4f4a6476f
      url: "https://pub.dev"
    source: hosted
    version: "4.1.4"
  firebase_messaging_web:
    dependency: transitive
    description:
      name: firebase_messaging_web
      sha256: e7532847152653fd3e08d274f408258037a4a229ee9561907ab0a1106486d62b
      url: "https://pub.dev"
    source: hosted
    version: "3.1.4"
  firebase_storage:
    dependency: "direct main"
    description:
      name: firebase_storage
      sha256: "0e5543af7776e159cc3c64dcf7c2b6f02285f9dd8b7c75983450b84eaacc3216"
      url: "https://pub.dev"
    source: hosted
    version: "10.3.8"
  firebase_storage_platform_interface:
    dependency: transitive
    description:
      name: firebase_storage_platform_interface
      sha256: f4950bbfe2580403dcea6de987b672c6aded39cb3e75b450e2a21b4d208e00b1
      url: "https://pub.dev"
    source: hosted
    version: "4.1.16"
  firebase_storage_web:
    dependency: transitive
    description:
      name: firebase_storage_web
      sha256: "530554fa0070339b1acb03acadb3342975d83491443220ca44a384e9d2f646d0"
      url: "https://pub.dev"
    source: hosted
    version: "3.3.6"
  flutter:
    dependency: "direct main"
    description: flutter
    source: sdk
    version: "0.0.0"
  flutter_launcher_icons:
    dependency: "direct main"
    description:
      name: flutter_launcher_icons
      sha256: ce0e501cfc258907842238e4ca605e74b7fd1cdf04b3b43e86c43f3e40a1592c
      url: "https://pub.dev"
    source: hosted
    version: "0.11.0"
  flutter_local_notifications:
    dependency: "direct main"
    description:
      name: flutter_local_notifications
      sha256: "138d5b8a67750f5cb5bc6357d37f092a32b0ba8ded64d91a9570b824c2d291f6"
      url: "https://pub.dev"
    source: hosted
    version: "11.0.0"
  flutter_local_notifications_linux:
    dependency: transitive
    description:
      name: flutter_local_notifications_linux
      sha256: "6af440e3962eeab8459602c309d7d4ab9e62f05d5cfe58195a28f846a0b5d523"
      url: "https://pub.dev"
    source: hosted
    version: "1.0.0"
  flutter_local_notifications_platform_interface:
    dependency: transitive
    description:
      name: flutter_local_notifications_platform_interface
      sha256: "5ec1feac5f7f7d9266759488bc5f76416152baba9aa1b26fe572246caa00d1ab"
      url: "https://pub.dev"
    source: hosted
    version: "6.0.0"
  flutter_phoenix:
    dependency: "direct main"
    description:
      name: flutter_phoenix
      sha256: "56247b4580d465dc6406de618b6be9a5860bc45d1c478f0f6a488310f0f39e9a"
      url: "https://pub.dev"
    source: hosted
    version: "1.1.0"
  flutter_plugin_android_lifecycle:
    dependency: transitive
    description:
      name: flutter_plugin_android_lifecycle
      sha256: "60fc7b78455b94e6de2333d2f95196d32cf5c22f4b0b0520a628804cb463503b"
      url: "https://pub.dev"
    source: hosted
    version: "2.0.7"
  flutter_test:
    dependency: "direct dev"
    description: flutter
    source: sdk
    version: "0.0.0"
  flutter_web_plugins:
    dependency: transitive
    description: flutter
    source: sdk
    version: "0.0.0"
  get:
    dependency: "direct main"
    description:
      name: get
      sha256: "2ba20a47c8f1f233bed775ba2dd0d3ac97b4cf32fc17731b3dfc672b06b0e92a"
      url: "https://pub.dev"
    source: hosted
    version: "4.6.5"
  get_cli:
    dependency: "direct main"
    description:
      name: get_cli
      sha256: "80148853005e93dae8bfedd86a3beb0b42144b9ba4ea80e093ad847fd6092580"
      url: "https://pub.dev"
    source: hosted
    version: "1.8.1"
  glob:
    dependency: transitive
    description:
      name: glob
      sha256: "4515b5b6ddb505ebdd242a5f2cc5d22d3d6a80013789debfbda7777f47ea308c"
      url: "https://pub.dev"
    source: hosted
    version: "2.1.1"
  html:
    dependency: transitive
    description:
      name: html
      sha256: bfef906cbd4e78ef49ae511d9074aebd1d2251482ef601a280973e8b58b51bbf
      url: "https://pub.dev"
    source: hosted
    version: "0.15.0"
  http:
    dependency: "direct main"
    description:
      name: http
      sha256: "6aa2946395183537c8b880962d935877325d6a09a2867c3970c05c0fed6ac482"
      url: "https://pub.dev"
    source: hosted
    version: "0.13.5"
  http_parser:
    dependency: transitive
    description:
      name: http_parser
      sha256: db3060f22889f3d9d55f6a217565486737037eec3609f7f3eca4d0c67ee0d8a0
      url: "https://pub.dev"
    source: hosted
    version: "4.0.1"
  image:
    dependency: transitive
    description:
      name: image
      sha256: "02bafd3b4f399bfeb10034deba9753d93b55ce41cd0c4d3d8b355626f80e5b32"
      url: "https://pub.dev"
    source: hosted
    version: "3.1.3"
  image_picker:
    dependency: "direct main"
    description:
      name: image_picker
      sha256: f3712cd190227fb92e0960cb0ce22928ba042c7183b16864ade83b259adf8ea6
      url: "https://pub.dev"
    source: hosted
    version: "0.8.5+3"
  image_picker_android:
    dependency: transitive
    description:
      name: image_picker_android
      sha256: "822f71a53336bf1e638dbf955047080ca49ba0197f52c4fece9cf584c368648a"
      url: "https://pub.dev"
    source: hosted
    version: "0.8.5+3"
  image_picker_for_web:
    dependency: transitive
    description:
      name: image_picker_for_web
      sha256: "60f306ffbdcada4bc8b2691acc420258a1b758e102c87c4f94fb568d640f0e0e"
      url: "https://pub.dev"
    source: hosted
    version: "2.1.8"
  image_picker_ios:
    dependency: transitive
    description:
      name: image_picker_ios
      sha256: "6ad501265cc47dbbf78620656edf505088fdea644c7b905a72790c3c7e92b508"
      url: "https://pub.dev"
    source: hosted
    version: "0.8.6"
  image_picker_platform_interface:
    dependency: transitive
    description:
      name: image_picker_platform_interface
      sha256: cedb2650709f066ee83fd65a1d99b6ff33e5adf98cea376426dd33c2b22bf6ad
      url: "https://pub.dev"
    source: hosted
    version: "2.6.1"
  intl:
    dependency: transitive
    description:
      name: intl
      sha256: "910f85bce16fb5c6f614e117efa303e85a1731bb0081edf3604a2ae6e9a3cc91"
      url: "https://pub.dev"
    source: hosted
    version: "0.17.0"
  js:
    dependency: transitive
    description:
      name: js
      sha256: "5528c2f391ededb7775ec1daa69e65a2d61276f7552de2b5f7b8d34ee9fd4ab7"
      url: "https://pub.dev"
    source: hosted
    version: "0.6.5"
  json_annotation:
    dependency: transitive
    description:
      name: json_annotation
      sha256: cb314f00b2488de7bc575207e54402cd2f92363f333a7933fd1b0631af226baa
      url: "https://pub.dev"
    source: hosted
    version: "4.6.0"
  matcher:
    dependency: transitive
    description:
      name: matcher
      sha256: "16db949ceee371e9b99d22f88fa3a73c4e59fd0afed0bd25fc336eb76c198b72"
      url: "https://pub.dev"
    source: hosted
    version: "0.12.13"
  material_color_utilities:
    dependency: transitive
    description:
      name: material_color_utilities
      sha256: d92141dc6fe1dad30722f9aa826c7fbc896d021d792f80678280601aff8cf724
      url: "https://pub.dev"
    source: hosted
    version: "0.2.0"
  meta:
    dependency: transitive
    description:
      name: meta
      sha256: "6c268b42ed578a53088d834796959e4a1814b5e9e164f147f580a386e5decf42"
      url: "https://pub.dev"
    source: hosted
    version: "1.8.0"
  overlay_support:
    dependency: "direct main"
    description:
      name: overlay_support
      sha256: c209c4e01f506dca55352690f0c842d93e9c025b7ba6b2e9048ef5c75230467a
      url: "https://pub.dev"
    source: hosted
    version: "2.0.1"
  package_config:
    dependency: transitive
    description:
      name: package_config
      sha256: "1c5b77ccc91e4823a5af61ee74e6b972db1ef98c2ff5a18d3161c982a55448bd"
      url: "https://pub.dev"
    source: hosted
    version: "2.1.0"
  path:
    dependency: transitive
    description:
      name: path
      sha256: db9d4f58c908a4ba5953fcee2ae317c94889433e5024c27ce74a37f94267945b
      url: "https://pub.dev"
    source: hosted
    version: "1.8.2"
  path_provider:
    dependency: "direct main"
    description:
      name: path_provider
      sha256: "050e8e85e4b7fecdf2bb3682c1c64c4887a183720c802d323de8a5fd76d372dd"
      url: "https://pub.dev"
    source: hosted
    version: "2.0.11"
  path_provider_android:
    dependency: transitive
    description:
      name: path_provider_android
      sha256: "4d5542667150f5b779ba411dd5dc0b674a85d1355e45bda2877e0e82f4ad08d8"
      url: "https://pub.dev"
    source: hosted
    version: "2.0.20"
  path_provider_ios:
    dependency: transitive
    description:
      name: path_provider_ios
      sha256: "03d639406f5343478352433f00d3c4394d52dac8df3d847869c5e2333e0bbce8"
      url: "https://pub.dev"
    source: hosted
    version: "2.0.11"
  path_provider_linux:
    dependency: transitive
    description:
      name: path_provider_linux
      sha256: ab0987bf95bc591da42dffb38c77398fc43309f0b9b894dcc5d6f40c4b26c379
      url: "https://pub.dev"
    source: hosted
    version: "2.1.7"
  path_provider_macos:
    dependency: transitive
    description:
      name: path_provider_macos
      sha256: "2a97e7fbb7ae9dcd0dfc1220a78e9ec3e71da691912e617e8715ff2a13086ae8"
      url: "https://pub.dev"
    source: hosted
    version: "2.0.6"
  path_provider_platform_interface:
    dependency: transitive
    description:
      name: path_provider_platform_interface
      sha256: "27dc7a224fcd07444cb5e0e60423ccacea3e13cf00fc5282ac2c918132da931d"
      url: "https://pub.dev"
    source: hosted
    version: "2.0.4"
  path_provider_windows:
    dependency: transitive
    description:
      name: path_provider_windows
      sha256: a34ecd7fb548f8e57321fd8e50d865d266941b54e6c3b7758cf8f37c24116905
      url: "https://pub.dev"
    source: hosted
    version: "2.0.7"
  petitparser:
    dependency: transitive
    description:
      name: petitparser
      sha256: "1a914995d4ef10c94ff183528c120d35ed43b5eaa8713fc6766a9be4570782e2"
      url: "https://pub.dev"
    source: hosted
    version: "4.4.0"
  platform:
    dependency: transitive
    description:
      name: platform
      sha256: "4a451831508d7d6ca779f7ac6e212b4023dd5a7d08a27a63da33756410e32b76"
      url: "https://pub.dev"
    source: hosted
    version: "3.1.0"
  plugin_platform_interface:
    dependency: transitive
    description:
      name: plugin_platform_interface
      sha256: "075f927ebbab4262ace8d0b283929ac5410c0ac4e7fc123c76429564facfb757"
      url: "https://pub.dev"
    source: hosted
    version: "2.1.2"
  pointycastle:
    dependency: transitive
    description:
      name: pointycastle
      sha256: db7306cf0249f838d1a24af52b5a5887c5bf7f31d8bb4e827d071dc0939ad346
      url: "https://pub.dev"
    source: hosted
    version: "3.6.2"
  process:
    dependency: transitive
    description:
      name: process
      sha256: "53fd8db9cec1d37b0574e12f07520d582019cb6c44abf5479a01505099a34a09"
      url: "https://pub.dev"
    source: hosted
    version: "4.2.4"
  process_run:
    dependency: transitive
    description:
      name: process_run
      sha256: "4539b7c0a34a4a4979e7345d9f5c6358961d9f53901baf2930807159d08ee59b"
      url: "https://pub.dev"
    source: hosted
    version: "0.12.5+3"
  pub_semver:
    dependency: transitive
    description:
      name: pub_semver
      sha256: "307de764d305289ff24ad257ad5c5793ce56d04947599ad68b3baa124105fc17"
      url: "https://pub.dev"
    source: hosted
    version: "2.1.3"
  pubspec:
    dependency: transitive
    description:
      name: pubspec
      sha256: f534a50a2b4d48dc3bc0ec147c8bd7c304280fff23b153f3f11803c4d49d927e
      url: "https://pub.dev"
    source: hosted
    version: "2.3.0"
  quiver:
    dependency: transitive
    description:
      name: quiver
      sha256: "93982981971e812c94d4a6fa3a57b89f9ec12b38b6380cd3c1370c3b01e4580e"
      url: "https://pub.dev"
    source: hosted
    version: "3.1.0"
  recase:
    dependency: transitive
    description:
      name: recase
      sha256: e4eb4ec2dcdee52dcf99cb4ceabaffc631d7424ee55e56f280bc039737f89213
      url: "https://pub.dev"
    source: hosted
    version: "4.1.0"
  sizer:
    dependency: "direct main"
    description:
      name: sizer
      sha256: d2b3cb6cbc4a637f508dacd786bae55df31e5fc088044248a43e4fd1e050c117
      url: "https://pub.dev"
    source: hosted
    version: "2.0.15"
  sky_engine:
    dependency: transitive
    description: flutter
    source: sdk
    version: "0.0.99"
  source_span:
    dependency: transitive
    description:
      name: source_span
      sha256: dd904f795d4b4f3b870833847c461801f6750a9fa8e61ea5ac53f9422b31f250
      url: "https://pub.dev"
    source: hosted
    version: "1.9.1"
  stack_trace:
    dependency: transitive
    description:
      name: stack_trace
      sha256: c3c7d8edb15bee7f0f74debd4b9c5f3c2ea86766fe4178eb2a18eb30a0bdaed5
      url: "https://pub.dev"
    source: hosted
    version: "1.11.0"
  stream_channel:
    dependency: transitive
    description:
      name: stream_channel
      sha256: "83615bee9045c1d322bbbd1ba209b7a749c2cbcdcb3fdd1df8eb488b3279c1c8"
      url: "https://pub.dev"
    source: hosted
    version: "2.1.1"
  stream_transform:
    dependency: transitive
    description:
      name: stream_transform
      sha256: ed464977cb26a1f41537e177e190c67223dbd9f4f683489b6ab2e5d211ec564e
      url: "https://pub.dev"
    source: hosted
    version: "2.0.0"
  string_scanner:
    dependency: transitive
    description:
      name: string_scanner
      sha256: "556692adab6cfa87322a115640c11f13cb77b3f076ddcc5d6ae3c20242bedcde"
      url: "https://pub.dev"
    source: hosted
    version: "1.2.0"
  synchronized:
    dependency: transitive
    description:
      name: synchronized
      sha256: "33b31b6beb98100bf9add464a36a8dd03eb10c7a8cf15aeec535e9b054aaf04b"
      url: "https://pub.dev"
    source: hosted
    version: "3.0.1"
  term_glyph:
    dependency: transitive
    description:
      name: term_glyph
      sha256: a29248a84fbb7c79282b40b8c72a1209db169a2e0542bce341da992fe1bc7e84
      url: "https://pub.dev"
    source: hosted
    version: "1.2.1"
  test_api:
    dependency: transitive
    description:
      name: test_api
      sha256: ad540f65f92caa91bf21dfc8ffb8c589d6e4dc0c2267818b4cc2792857706206
      url: "https://pub.dev"
    source: hosted
    version: "0.4.16"
  timezone:
    dependency: transitive
    description:
      name: timezone
      sha256: "2e59efc48e9f684c327c0498ac0b81411aee18b10c82f2db2c08f7f052493569"
      url: "https://pub.dev"
    source: hosted
    version: "0.9.0"
  typed_data:
    dependency: transitive
    description:
      name: typed_data
      sha256: "53bdf7e979cfbf3e28987552fd72f637e63f3c8724c9e56d9246942dc2fa36ee"
      url: "https://pub.dev"
    source: hosted
    version: "1.3.0"
  universal_io:
    dependency: transitive
    description:
      name: universal_io
      sha256: "79f78ddad839ee3aae3ec7c01eb4575faf0d5c860f8e5223bc9f9c17f7f03cef"
      url: "https://pub.dev"
    source: hosted
    version: "2.0.4"
  uri:
    dependency: transitive
    description:
      name: uri
      sha256: "889eea21e953187c6099802b7b4cf5219ba8f3518f604a1033064d45b1b8268a"
      url: "https://pub.dev"
    source: hosted
    version: "1.0.0"
  url_launcher:
    dependency: transitive
    description:
      name: url_launcher
      sha256: "4f0d5f9bf7efba3da5a7ff03bd33cc898c84bac978c068e1c94483828e709592"
      url: "https://pub.dev"
    source: hosted
    version: "6.1.5"
  url_launcher_android:
    dependency: transitive
    description:
      name: url_launcher_android
      sha256: "1ccd353c1bff66b49863527c02759f4d06b92744bd9777c96a00ca6a9e8e1d2f"
      url: "https://pub.dev"
    source: hosted
    version: "6.0.17"
  url_launcher_ios:
    dependency: transitive
    description:
      name: url_launcher_ios
      sha256: "6ba7dddee26c9fae27c9203c424631109d73c8fa26cfa7bc3e35e751cb87f62e"
      url: "https://pub.dev"
    source: hosted
    version: "6.0.17"
  url_launcher_linux:
    dependency: transitive
    description:
      name: url_launcher_linux
      sha256: "360fa359ab06bcb4f7c5cd3123a2a9a4d3364d4575d27c4b33468bd4497dd094"
      url: "https://pub.dev"
    source: hosted
    version: "3.0.1"
  url_launcher_macos:
    dependency: transitive
    description:
      name: url_launcher_macos
      sha256: a9b3ea9043eabfaadfa3fb89de67a11210d85569086d22b3854484beab8b3978
      url: "https://pub.dev"
    source: hosted
    version: "3.0.1"
  url_launcher_platform_interface:
    dependency: transitive
    description:
      name: url_launcher_platform_interface
      sha256: "80b860b31a11ebbcbe51b8fe887efc204f3af91522f3b51bcda4622d276d2120"
      url: "https://pub.dev"
    source: hosted
    version: "2.1.0"
  url_launcher_web:
    dependency: transitive
    description:
      name: url_launcher_web
      sha256: "15fd9dbb306d5efce57dcf62dcb1ae045fbf74079ab4464a950e099bf5800deb"
      url: "https://pub.dev"
    source: hosted
    version: "2.0.12"
  url_launcher_windows:
    dependency: transitive
    description:
      name: url_launcher_windows
      sha256: e3c3b16d3104260c10eea3b0e34272aaa57921f83148b0619f74c2eced9b7ef1
      url: "https://pub.dev"
    source: hosted
    version: "3.0.1"
  vector_math:
    dependency: transitive
    description:
      name: vector_math
      sha256: "80b3257d1492ce4d091729e3a67a60407d227c27241d6927be0130c98e741803"
      url: "https://pub.dev"
    source: hosted
    version: "2.1.4"
  version:
    dependency: transitive
    description:
      name: version
      sha256: b8d9fc75327de5da108942502043f0b7d6500fbded3137560ec2254dc4b9f8ba
      url: "https://pub.dev"
    source: hosted
    version: "2.0.3"
  video_compress:
    dependency: "direct main"
    description:
      name: video_compress
      sha256: e61292ee8733a7f1c11393d285df01f883e8d75d86a598da6d8cc9b9d662aa2d
      url: "https://pub.dev"
    source: hosted
    version: "3.1.1"
  video_player:
    dependency: "direct main"
    description:
      name: video_player
      sha256: "32c20460c6879140dbd2728323918e5b1982125ad6517f71a01e17cdd7fa7975"
      url: "https://pub.dev"
    source: hosted
    version: "2.4.7"
  video_player_android:
    dependency: transitive
    description:
      name: video_player_android
      sha256: d4d7313d1dc6f14d3414b98e2b268c3f34f4ac4ce4af51cf905e9a438edf0c77
      url: "https://pub.dev"
    source: hosted
    version: "2.3.9"
  video_player_avfoundation:
    dependency: transitive
    description:
      name: video_player_avfoundation
      sha256: "667fe547a819b2e29421ddd7755c874da3e55a77f0fb2309d3d5cf559343ece1"
      url: "https://pub.dev"
    source: hosted
    version: "2.3.5"
  video_player_platform_interface:
    dependency: transitive
    description:
      name: video_player_platform_interface
      sha256: "318a6d20577e1c78cf0bf40670883cc571ea860c72a4f7426d7dacce4bdd4343"
      url: "https://pub.dev"
    source: hosted
    version: "5.1.4"
  video_player_web:
    dependency: transitive
    description:
      name: video_player_web
      sha256: ed949a3df5fe88533254bbdd242c3d8eea19ecbc4e7af90da84ef087533f584b
      url: "https://pub.dev"
    source: hosted
    version: "2.0.12"
  watcher:
    dependency: transitive
    description:
      name: watcher
      sha256: "6a7f46926b01ce81bfc339da6a7f20afbe7733eff9846f6d6a5466aa4c6667c0"
      url: "https://pub.dev"
    source: hosted
    version: "1.0.2"
  win32:
    dependency: transitive
    description:
      name: win32
      sha256: "4658d864d83cdaedcbf3e65ad93b71880a3e8c9ee1ff15d855f88fb2da66cb8a"
      url: "https://pub.dev"
    source: hosted
    version: "2.5.2"
  xdg_directories:
    dependency: transitive
    description:
      name: xdg_directories
      sha256: "11541eedefbcaec9de35aa82650b695297ce668662bbd6e3911a7fabdbde589f"
      url: "https://pub.dev"
    source: hosted
    version: "0.2.0+2"
  xml:
    dependency: transitive
    description:
      name: xml
      sha256: baa23bcba1ba4ce4b22c0c7a1d9c861e7015cb5169512676da0b85138e72840c
      url: "https://pub.dev"
    source: hosted
    version: "5.3.1"
  yaml:
    dependency: transitive
    description:
      name: yaml
      sha256: "23812a9b125b48d4007117254bca50abb6c712352927eece9e155207b1db2370"
      url: "https://pub.dev"
    source: hosted
    version: "3.1.1"
sdks:
  dart: ">=2.19.0 <3.0.0"
  flutter: ">=2.10.0"
